
Microsoft Visual Studio Solution File, Format Version 12.00
# Visual Studio 15
VisualStudioVersion = 15.0.27004.2005
MinimumVisualStudioVersion = 10.0.40219.1
Project("{9A19103F-16F7-4668-BE54-9A1E7A4F7556}") = "RequestIdExample", "sample\RequestIdExample\RequestIdExample.csproj", "{FF2891B2-F3DE-4EFE-BC62-6A68A1DCDDF4}"
EndProject
Project("{9A19103F-16F7-4668-BE54-9A1E7A4F7556}") = "MicroserviceSessionId", "src\MicroserviceSessionId\MicroserviceSessionId.csproj", "{40946EA0-94C1-4E52-A143-5C7FD7334EF5}"
EndProject
Project("{9A19103F-16F7-4668-BE54-9A1E7A4F7556}") = "OtherWebService", "sample\OtherWebService\OtherWebService.csproj", "{FDB4E680-BE63-4E8B-8298-8AD892B05882}"
EndProject
Project("{2150E333-8FDC-42A3-9474-1A3956D46DE8}") = "sample", "sample", "{894238B8-163A-47CA-AA02-2A75CC659401}"
EndProject
Project("{2150E333-8FDC-42A3-9474-1A3956D46DE8}") = "src", "src", "{7BF11484-FE7F-4A9B-9C45-19DF2383B38F}"
EndProject
Project("{2150E333-8FDC-42A3-9474-1A3956D46DE8}") = "Solution Items", "Solution Items", "{61BCF7C9-05D4-4AC9-8F55-59EDA5CA2513}"
	ProjectSection(SolutionItems) = preProject
		appveyor.yml = appveyor.yml
		Directory.Build.props = Directory.Build.props
		Directory.Build.targets = Directory.Build.targets
		GitVersion.yml = GitVersion.yml
		LICENSE = LICENSE
		README.md = README.md
		rules.ruleset = rules.ruleset
		stylecop.json = stylecop.json
	EndProjectSection
EndProject
Global
	GlobalSection(SolutionConfigurationPlatforms) = preSolution
		Debug|Any CPU = Debug|Any CPU
		Release|Any CPU = Release|Any CPU
	EndGlobalSection
	GlobalSection(ProjectConfigurationPlatforms) = postSolution
		{FF2891B2-F3DE-4EFE-BC62-6A68A1DCDDF4}.Debug|Any CPU.ActiveCfg = Debug|Any CPU
		{FF2891B2-F3DE-4EFE-BC62-6A68A1DCDDF4}.Debug|Any CPU.Build.0 = Debug|Any CPU
		{FF2891B2-F3DE-4EFE-BC62-6A68A1DCDDF4}.Release|Any CPU.ActiveCfg = Release|Any CPU
		{FF2891B2-F3DE-4EFE-BC62-6A68A1DCDDF4}.Release|Any CPU.Build.0 = Release|Any CPU
		{40946EA0-94C1-4E52-A143-5C7FD7334EF5}.Debug|Any CPU.ActiveCfg = Debug|Any CPU
		{40946EA0-94C1-4E52-A143-5C7FD7334EF5}.Debug|Any CPU.Build.0 = Debug|Any CPU
		{40946EA0-94C1-4E52-A143-5C7FD7334EF5}.Release|Any CPU.ActiveCfg = Release|Any CPU
		{40946EA0-94C1-4E52-A143-5C7FD7334EF5}.Release|Any CPU.Build.0 = Release|Any CPU
		{FDB4E680-BE63-4E8B-8298-8AD892B05882}.Debug|Any CPU.ActiveCfg = Debug|Any CPU
		{FDB4E680-BE63-4E8B-8298-8AD892B05882}.Debug|Any CPU.Build.0 = Debug|Any CPU
		{FDB4E680-BE63-4E8B-8298-8AD892B05882}.Release|Any CPU.ActiveCfg = Release|Any CPU
		{FDB4E680-BE63-4E8B-8298-8AD892B05882}.Release|Any CPU.Build.0 = Release|Any CPU
	EndGlobalSection
	GlobalSection(SolutionProperties) = preSolution
		HideSolutionNode = FALSE
	EndGlobalSection
	GlobalSection(NestedProjects) = preSolution
		{FF2891B2-F3DE-4EFE-BC62-6A68A1DCDDF4} = {894238B8-163A-47CA-AA02-2A75CC659401}
		{40946EA0-94C1-4E52-A143-5C7FD7334EF5} = {7BF11484-FE7F-4A9B-9C45-19DF2383B38F}
		{FDB4E680-BE63-4E8B-8298-8AD892B05882} = {894238B8-163A-47CA-AA02-2A75CC659401}
	EndGlobalSection
	GlobalSection(ExtensibilityGlobals) = postSolution
		SolutionGuid = {1152105C-4008-4C1E-8939-E73CC45642A2}
	EndGlobalSection
EndGlobal
